
Microsoft Visual Studio Solution File, Format Version 12.00
# Visual Studio 15
VisualStudioVersion = 15.0.26430.12
MinimumVisualStudioVersion = 10.0.40219.1
Project("{FAE04EC0-301F-11D3-BF4B-00C04F79EFBC}") = "SemanticWebNPLSearchEngine", "SemanticWebNPLSearchEngine\SemanticWebNPLSearchEngine.csproj", "{D71D3826-0B14-46FE-88FA-603ABD346FE8}"
EndProject
Project("{FAE04EC0-301F-11D3-BF4B-00C04F79EFBC}") = "SemanticWebNPLSearchEngine.Tests", "SemanticWebNPLSearchEngine.Tests\SemanticWebNPLSearchEngine.Tests.csproj", "{12F4C800-AD8D-41CF-A266-7B7B08E37844}"
EndProject
Global
	GlobalSection(SolutionConfigurationPlatforms) = preSolution
		Debug|Any CPU = Debug|Any CPU
		Release|Any CPU = Release|Any CPU
	EndGlobalSection
	GlobalSection(ProjectConfigurationPlatforms) = postSolution
		{D71D3826-0B14-46FE-88FA-603ABD346FE8}.Debug|Any CPU.ActiveCfg = Debug|Any CPU
		{D71D3826-0B14-46FE-88FA-603ABD346FE8}.Debug|Any CPU.Build.0 = Debug|Any CPU
		{D71D3826-0B14-46FE-88FA-603ABD346FE8}.Release|Any CPU.ActiveCfg = Release|Any CPU
		{D71D3826-0B14-46FE-88FA-603ABD346FE8}.Release|Any CPU.Build.0 = Release|Any CPU
		{12F4C800-AD8D-41CF-A266-7B7B08E37844}.Debug|Any CPU.ActiveCfg = Debug|Any CPU
		{12F4C800-AD8D-41CF-A266-7B7B08E37844}.Debug|Any CPU.Build.0 = Debug|Any CPU
		{12F4C800-AD8D-41CF-A266-7B7B08E37844}.Release|Any CPU.ActiveCfg = Release|Any CPU
		{12F4C800-AD8D-41CF-A266-7B7B08E37844}.Release|Any CPU.Build.0 = Release|Any CPU
	EndGlobalSection
	GlobalSection(SolutionProperties) = preSolution
		HideSolutionNode = FALSE
	EndGlobalSection
EndGlobal
